
Microsoft Visual Studio Solution File, Format Version 12.00
# Visual Studio Version 17
VisualStudioVersion = 17.0.31903.59
MinimumVisualStudioVersion = 10.0.40219.1
Project("{2150E333-8FDC-42A3-9474-1A3956D46DE8}") = "src", "src", "{01AEB0A3-467F-4345-8481-653DB3D5C639}"
EndProject
Project("{2150E333-8FDC-42A3-9474-1A3956D46DE8}") = "WorkHub.Domain", "WorkHub.Domain", "{D3025F2B-56A3-41A1-B06C-1A5CE8B0A050}"
EndProject
Project("{2150E333-8FDC-42A3-9474-1A3956D46DE8}") = "WorkHub.Application", "WorkHub.Application", "{C6714A42-7CFD-4CDC-970A-742FF1D5D585}"
EndProject
Project("{2150E333-8FDC-42A3-9474-1A3956D46DE8}") = "WorkHub.Infrastructure", "WorkHub.Infrastructure", "{45FF0299-A4E9-4C72-BB02-44E02A67AC7A}"
EndProject
Project("{2150E333-8FDC-42A3-9474-1A3956D46DE8}") = "WorkHub.API", "WorkHub.API", "{E7B76753-9737-49FF-A6F7-AD6ED3B7DA02}"
EndProject
Project("{FAE04EC0-301F-11D3-BF4B-00C04F79EFBC}") = "WorkHub.API", "WorkHub.API\WorkHub.API.csproj", "{BE94F311-634C-4520-8663-B70D6034ADE8}"
EndProject
Project("{FAE04EC0-301F-11D3-BF4B-00C04F79EFBC}") = "WorkHub.Domain", "WorkHub.Domain\WorkHub.Domain.csproj", "{5E4AC466-96A6-4386-9F2A-8BEB42442AA2}"
EndProject
Project("{FAE04EC0-301F-11D3-BF4B-00C04F79EFBC}") = "WorkHub.Application", "WorkHub.Application\WorkHub.Application.csproj", "{0B0F03A4-0380-4167-A02C-F5DEB3DAD140}"
EndProject
Project("{FAE04EC0-301F-11D3-BF4B-00C04F79EFBC}") = "WorkHub.Infrastructure", "WorkHub.Infrastructure\WorkHub.Infrastructure.csproj", "{11B93681-D4C4-4167-A26B-04351864E85F}"
EndProject
Global
	GlobalSection(SolutionConfigurationPlatforms) = preSolution
		Debug|Any CPU = Debug|Any CPU
		Debug|x64 = Debug|x64
		Debug|x86 = Debug|x86
		Release|Any CPU = Release|Any CPU
		Release|x64 = Release|x64
		Release|x86 = Release|x86
	EndGlobalSection
	GlobalSection(ProjectConfigurationPlatforms) = postSolution
		{BE94F311-634C-4520-8663-B70D6034ADE8}.Debug|Any CPU.ActiveCfg = Debug|Any CPU
		{BE94F311-634C-4520-8663-B70D6034ADE8}.Debug|Any CPU.Build.0 = Debug|Any CPU
		{BE94F311-634C-4520-8663-B70D6034ADE8}.Debug|x64.ActiveCfg = Debug|Any CPU
		{BE94F311-634C-4520-8663-B70D6034ADE8}.Debug|x64.Build.0 = Debug|Any CPU
		{BE94F311-634C-4520-8663-B70D6034ADE8}.Debug|x86.ActiveCfg = Debug|Any CPU
		{BE94F311-634C-4520-8663-B70D6034ADE8}.Debug|x86.Build.0 = Debug|Any CPU
		{BE94F311-634C-4520-8663-B70D6034ADE8}.Release|Any CPU.ActiveCfg = Release|Any CPU
		{BE94F311-634C-4520-8663-B70D6034ADE8}.Release|Any CPU.Build.0 = Release|Any CPU
		{BE94F311-634C-4520-8663-B70D6034ADE8}.Release|x64.ActiveCfg = Release|Any CPU
		{BE94F311-634C-4520-8663-B70D6034ADE8}.Release|x64.Build.0 = Release|Any CPU
		{BE94F311-634C-4520-8663-B70D6034ADE8}.Release|x86.ActiveCfg = Release|Any CPU
		{BE94F311-634C-4520-8663-B70D6034ADE8}.Release|x86.Build.0 = Release|Any CPU
		{5E4AC466-96A6-4386-9F2A-8BEB42442AA2}.Debug|Any CPU.ActiveCfg = Debug|Any CPU
		{5E4AC466-96A6-4386-9F2A-8BEB42442AA2}.Debug|Any CPU.Build.0 = Debug|Any CPU
		{5E4AC466-96A6-4386-9F2A-8BEB42442AA2}.Debug|x64.ActiveCfg = Debug|Any CPU
		{5E4AC466-96A6-4386-9F2A-8BEB42442AA2}.Debug|x64.Build.0 = Debug|Any CPU
		{5E4AC466-96A6-4386-9F2A-8BEB42442AA2}.Debug|x86.ActiveCfg = Debug|Any CPU
		{5E4AC466-96A6-4386-9F2A-8BEB42442AA2}.Debug|x86.Build.0 = Debug|Any CPU
		{5E4AC466-96A6-4386-9F2A-8BEB42442AA2}.Release|Any CPU.ActiveCfg = Release|Any CPU
		{5E4AC466-96A6-4386-9F2A-8BEB42442AA2}.Release|Any CPU.Build.0 = Release|Any CPU
		{5E4AC466-96A6-4386-9F2A-8BEB42442AA2}.Release|x64.ActiveCfg = Release|Any CPU
		{5E4AC466-96A6-4386-9F2A-8BEB42442AA2}.Release|x64.Build.0 = Release|Any CPU
		{5E4AC466-96A6-4386-9F2A-8BEB42442AA2}.Release|x86.ActiveCfg = Release|Any CPU
		{5E4AC466-96A6-4386-9F2A-8BEB42442AA2}.Release|x86.Build.0 = Release|Any CPU
		{0B0F03A4-0380-4167-A02C-F5DEB3DAD140}.Debug|Any CPU.ActiveCfg = Debug|Any CPU
		{0B0F03A4-0380-4167-A02C-F5DEB3DAD140}.Debug|Any CPU.Build.0 = Debug|Any CPU
		{0B0F03A4-0380-4167-A02C-F5DEB3DAD140}.Debug|x64.ActiveCfg = Debug|Any CPU
		{0B0F03A4-0380-4167-A02C-F5DEB3DAD140}.Debug|x64.Build.0 = Debug|Any CPU
		{0B0F03A4-0380-4167-A02C-F5DEB3DAD140}.Debug|x86.ActiveCfg = Debug|Any CPU
		{0B0F03A4-0380-4167-A02C-F5DEB3DAD140}.Debug|x86.Build.0 = Debug|Any CPU
		{0B0F03A4-0380-4167-A02C-F5DEB3DAD140}.Release|Any CPU.ActiveCfg = Release|Any CPU
		{0B0F03A4-0380-4167-A02C-F5DEB3DAD140}.Release|Any CPU.Build.0 = Release|Any CPU
		{0B0F03A4-0380-4167-A02C-F5DEB3DAD140}.Release|x64.ActiveCfg = Release|Any CPU
		{0B0F03A4-0380-4167-A02C-F5DEB3DAD140}.Release|x64.Build.0 = Release|Any CPU
		{0B0F03A4-0380-4167-A02C-F5DEB3DAD140}.Release|x86.ActiveCfg = Release|Any CPU
		{0B0F03A4-0380-4167-A02C-F5DEB3DAD140}.Release|x86.Build.0 = Release|Any CPU
		{11B93681-D4C4-4167-A26B-04351864E85F}.Debug|Any CPU.ActiveCfg = Debug|Any CPU
		{11B93681-D4C4-4167-A26B-04351864E85F}.Debug|Any CPU.Build.0 = Debug|Any CPU
		{11B93681-D4C4-4167-A26B-04351864E85F}.Debug|x64.ActiveCfg = Debug|Any CPU
		{11B93681-D4C4-4167-A26B-04351864E85F}.Debug|x64.Build.0 = Debug|Any CPU
		{11B93681-D4C4-4167-A26B-04351864E85F}.Debug|x86.ActiveCfg = Debug|Any CPU
		{11B93681-D4C4-4167-A26B-04351864E85F}.Debug|x86.Build.0 = Debug|Any CPU
		{11B93681-D4C4-4167-A26B-04351864E85F}.Release|Any CPU.ActiveCfg = Release|Any CPU
		{11B93681-D4C4-4167-A26B-04351864E85F}.Release|Any CPU.Build.0 = Release|Any CPU
		{11B93681-D4C4-4167-A26B-04351864E85F}.Release|x64.ActiveCfg = Release|Any CPU
		{11B93681-D4C4-4167-A26B-04351864E85F}.Release|x64.Build.0 = Release|Any CPU
		{11B93681-D4C4-4167-A26B-04351864E85F}.Release|x86.ActiveCfg = Release|Any CPU
		{11B93681-D4C4-4167-A26B-04351864E85F}.Release|x86.Build.0 = Release|Any CPU
	EndGlobalSection
	GlobalSection(SolutionProperties) = preSolution
		HideSolutionNode = FALSE
	EndGlobalSection
	GlobalSection(NestedProjects) = preSolution
		{D3025F2B-56A3-41A1-B06C-1A5CE8B0A050} = {01AEB0A3-467F-4345-8481-653DB3D5C639}
		{C6714A42-7CFD-4CDC-970A-742FF1D5D585} = {01AEB0A3-467F-4345-8481-653DB3D5C639}
		{45FF0299-A4E9-4C72-BB02-44E02A67AC7A} = {01AEB0A3-467F-4345-8481-653DB3D5C639}
		{E7B76753-9737-49FF-A6F7-AD6ED3B7DA02} = {01AEB0A3-467F-4345-8481-653DB3D5C639}
		{5E4AC466-96A6-4386-9F2A-8BEB42442AA2} = {D3025F2B-56A3-41A1-B06C-1A5CE8B0A050}
		{0B0F03A4-0380-4167-A02C-F5DEB3DAD140} = {C6714A42-7CFD-4CDC-970A-742FF1D5D585}
		{11B93681-D4C4-4167-A26B-04351864E85F} = {45FF0299-A4E9-4C72-BB02-44E02A67AC7A}
		{BE94F311-634C-4520-8663-B70D6034ADE8} = {E7B76753-9737-49FF-A6F7-AD6ED3B7DA02}
	EndGlobalSection
EndGlobal
